
Microsoft Visual Studio Solution File, Format Version 12.00
# Visual Studio Version 18
VisualStudioVersion = 18.4.11626.88
MinimumVisualStudioVersion = 10.0.40219.1
Project("{FAE04EC0-301F-11D3-BF4B-00C04F79EFBC}") = "STSPlugin", "STSPlugin\STSPlugin.csproj", "{13C812E9-0D42-4B95-8646-40EEBF30636F}"
EndProject
Project("{FAE04EC0-301F-11D3-BF4B-00C04F79EFBC}") = "STS.Domain", "STS.Domain\STS.Domain.csproj", "{46A75F92-E00C-43DF-AFFE-1674511914B0}"
EndProject
Project("{FAE04EC0-301F-11D3-BF4B-00C04F79EFBC}") = "STS.Domain.Tests", "STS.Domain.Tests\STS.Domain.Tests.csproj", "{8F10E9A3-84C8-438D-8557-52102B1CA4B5}"
EndProject
Project("{FAE04EC0-301F-11D3-BF4B-00C04F79EFBC}") = "STS.Api", "STS.Api\STS.Api.csproj", "{47D127F5-8468-461A-997A-6277875B04F8}"
EndProject
Project("{FAE04EC0-301F-11D3-BF4B-00C04F79EFBC}") = "STS.Admin", "STS.Admin\STS.Admin.csproj", "{FA3F3F94-5035-4019-A236-62201965E9AC}"
EndProject
Project("{FAE04EC0-301F-11D3-BF4B-00C04F79EFBC}") = "STS.Web", "STS.Web\STS.Web.csproj", "{EE83B8CB-0533-4076-88BE-0F25C9ED8078}"
EndProject
Project("{FAE04EC0-301F-11D3-BF4B-00C04F79EFBC}") = "STS.Domain.Content", "STS.Domain.Content\STS.Domain.Content.csproj", "{98ACCBB1-D5D5-40BE-8C79-5C4FA2BF533F}"
EndProject
Project("{FAE04EC0-301F-11D3-BF4B-00C04F79EFBC}") = "STS.Infrastructure", "STS.Infrastructure\STS.Infrastructure.csproj", "{C0EDD3BC-D47A-4359-92A5-E8CE320ED6A5}"
EndProject
Project("{2150E333-8FDC-42A3-9474-1A3956D46DE8}") = "Éléments de solution", "Éléments de solution", "{AB7FB6BC-EE41-403E-B64E-6E2830EF3A19}"
	ProjectSection(SolutionItems) = preProject
		Directory.Build.props = Directory.Build.props
	EndProjectSection
EndProject
Project("{FAE04EC0-301F-11D3-BF4B-00C04F79EFBC}") = "STS.Domain.Character", "STS.Domain.Character\STS.Domain.Character.csproj", "{EC2AB76A-5E27-4652-9458-4ECB36433252}"
EndProject
Project("{FAE04EC0-301F-11D3-BF4B-00C04F79EFBC}") = "STS.Discord", "STS.Discord\STS.Discord.csproj", "{8F0A5671-A982-4FA1-A74A-55DC6A540DFA}"
EndProject
Project("{FAE04EC0-301F-11D3-BF4B-00C04F79EFBC}") = "STS.Domain.User", "STS.Domain.User\STS.Domain.User.csproj", "{77D70A09-BDD0-4AD5-8C3B-C34387888AF1}"
EndProject
Project("{FAE04EC0-301F-11D3-BF4B-00C04F79EFBC}") = "STS.Export", "STS.Export\STS.Export.csproj", "{02A90A1A-80F8-48C7-8A56-1D096836793C}"
EndProject
Global
	GlobalSection(SolutionConfigurationPlatforms) = preSolution
		Debug|Any CPU = Debug|Any CPU
		Debug|x64 = Debug|x64
		Debug|x86 = Debug|x86
		Release|Any CPU = Release|Any CPU
		Release|x64 = Release|x64
		Release|x86 = Release|x86
	EndGlobalSection
	GlobalSection(ProjectConfigurationPlatforms) = postSolution
		{13C812E9-0D42-4B95-8646-40EEBF30636F}.Debug|Any CPU.ActiveCfg = Debug|Any CPU
		{13C812E9-0D42-4B95-8646-40EEBF30636F}.Debug|Any CPU.Build.0 = Debug|Any CPU
		{13C812E9-0D42-4B95-8646-40EEBF30636F}.Debug|x64.ActiveCfg = Debug|x64
		{13C812E9-0D42-4B95-8646-40EEBF30636F}.Debug|x64.Build.0 = Debug|x64
		{13C812E9-0D42-4B95-8646-40EEBF30636F}.Debug|x86.ActiveCfg = Debug|Any CPU
		{13C812E9-0D42-4B95-8646-40EEBF30636F}.Debug|x86.Build.0 = Debug|Any CPU
		{13C812E9-0D42-4B95-8646-40EEBF30636F}.Release|Any CPU.ActiveCfg = Release|Any CPU
		{13C812E9-0D42-4B95-8646-40EEBF30636F}.Release|Any CPU.Build.0 = Release|Any CPU
		{13C812E9-0D42-4B95-8646-40EEBF30636F}.Release|x64.ActiveCfg = Release|x64
		{13C812E9-0D42-4B95-8646-40EEBF30636F}.Release|x64.Build.0 = Release|x64
		{13C812E9-0D42-4B95-8646-40EEBF30636F}.Release|x86.ActiveCfg = Release|Any CPU
		{13C812E9-0D42-4B95-8646-40EEBF30636F}.Release|x86.Build.0 = Release|Any CPU
		{46A75F92-E00C-43DF-AFFE-1674511914B0}.Debug|Any CPU.ActiveCfg = Debug|Any CPU
		{46A75F92-E00C-43DF-AFFE-1674511914B0}.Debug|Any CPU.Build.0 = Debug|Any CPU
		{46A75F92-E00C-43DF-AFFE-1674511914B0}.Debug|x64.ActiveCfg = Debug|Any CPU
		{46A75F92-E00C-43DF-AFFE-1674511914B0}.Debug|x64.Build.0 = Debug|Any CPU
		{46A75F92-E00C-43DF-AFFE-1674511914B0}.Debug|x86.ActiveCfg = Debug|Any CPU
		{46A75F92-E00C-43DF-AFFE-1674511914B0}.Debug|x86.Build.0 = Debug|Any CPU
		{46A75F92-E00C-43DF-AFFE-1674511914B0}.Release|Any CPU.ActiveCfg = Release|Any CPU
		{46A75F92-E00C-43DF-AFFE-1674511914B0}.Release|Any CPU.Build.0 = Release|Any CPU
		{46A75F92-E00C-43DF-AFFE-1674511914B0}.Release|x64.ActiveCfg = Release|Any CPU
		{46A75F92-E00C-43DF-AFFE-1674511914B0}.Release|x64.Build.0 = Release|Any CPU
		{46A75F92-E00C-43DF-AFFE-1674511914B0}.Release|x86.ActiveCfg = Release|Any CPU
		{46A75F92-E00C-43DF-AFFE-1674511914B0}.Release|x86.Build.0 = Release|Any CPU
		{8F10E9A3-84C8-438D-8557-52102B1CA4B5}.Debug|Any CPU.ActiveCfg = Debug|Any CPU
		{8F10E9A3-84C8-438D-8557-52102B1CA4B5}.Debug|Any CPU.Build.0 = Debug|Any CPU
		{8F10E9A3-84C8-438D-8557-52102B1CA4B5}.Debug|x64.ActiveCfg = Debug|Any CPU
		{8F10E9A3-84C8-438D-8557-52102B1CA4B5}.Debug|x64.Build.0 = Debug|Any CPU
		{8F10E9A3-84C8-438D-8557-52102B1CA4B5}.Debug|x86.ActiveCfg = Debug|Any CPU
		{8F10E9A3-84C8-438D-8557-52102B1CA4B5}.Debug|x86.Build.0 = Debug|Any CPU
		{8F10E9A3-84C8-438D-8557-52102B1CA4B5}.Release|Any CPU.ActiveCfg = Release|Any CPU
		{8F10E9A3-84C8-438D-8557-52102B1CA4B5}.Release|Any CPU.Build.0 = Release|Any CPU
		{8F10E9A3-84C8-438D-8557-52102B1CA4B5}.Release|x64.ActiveCfg = Release|Any CPU
		{8F10E9A3-84C8-438D-8557-52102B1CA4B5}.Release|x64.Build.0 = Release|Any CPU
		{8F10E9A3-84C8-438D-8557-52102B1CA4B5}.Release|x86.ActiveCfg = Release|Any CPU
		{8F10E9A3-84C8-438D-8557-52102B1CA4B5}.Release|x86.Build.0 = Release|Any CPU
		{47D127F5-8468-461A-997A-6277875B04F8}.Debug|Any CPU.ActiveCfg = Debug|Any CPU
		{47D127F5-8468-461A-997A-6277875B04F8}.Debug|Any CPU.Build.0 = Debug|Any CPU
		{47D127F5-8468-461A-997A-6277875B04F8}.Debug|x64.ActiveCfg = Debug|Any CPU
		{47D127F5-8468-461A-997A-6277875B04F8}.Debug|x64.Build.0 = Debug|Any CPU
		{47D127F5-8468-461A-997A-6277875B04F8}.Debug|x86.ActiveCfg = Debug|Any CPU
		{47D127F5-8468-461A-997A-6277875B04F8}.Debug|x86.Build.0 = Debug|Any CPU
		{47D127F5-8468-461A-997A-6277875B04F8}.Release|Any CPU.ActiveCfg = Release|Any CPU
		{47D127F5-8468-461A-997A-6277875B04F8}.Release|Any CPU.Build.0 = Release|Any CPU
		{47D127F5-8468-461A-997A-6277875B04F8}.Release|x64.ActiveCfg = Release|Any CPU
		{47D127F5-8468-461A-997A-6277875B04F8}.Release|x64.Build.0 = Release|Any CPU
		{47D127F5-8468-461A-997A-6277875B04F8}.Release|x86.ActiveCfg = Release|Any CPU
		{47D127F5-8468-461A-997A-6277875B04F8}.Release|x86.Build.0 = Release|Any CPU
		{FA3F3F94-5035-4019-A236-62201965E9AC}.Debug|Any CPU.ActiveCfg = Debug|Any CPU
		{FA3F3F94-5035-4019-A236-62201965E9AC}.Debug|Any CPU.Build.0 = Debug|Any CPU
		{FA3F3F94-5035-4019-A236-62201965E9AC}.Debug|x64.ActiveCfg = Debug|Any CPU
		{FA3F3F94-5035-4019-A236-62201965E9AC}.Debug|x64.Build.0 = Debug|Any CPU
		{FA3F3F94-5035-4019-A236-62201965E9AC}.Debug|x86.ActiveCfg = Debug|Any CPU
		{FA3F3F94-5035-4019-A236-62201965E9AC}.Debug|x86.Build.0 = Debug|Any CPU
		{FA3F3F94-5035-4019-A236-62201965E9AC}.Release|Any CPU.ActiveCfg = Release|Any CPU
		{FA3F3F94-5035-4019-A236-62201965E9AC}.Release|Any CPU.Build.0 = Release|Any CPU
		{FA3F3F94-5035-4019-A236-62201965E9AC}.Release|x64.ActiveCfg = Release|Any CPU
		{FA3F3F94-5035-4019-A236-62201965E9AC}.Release|x64.Build.0 = Release|Any CPU
		{FA3F3F94-5035-4019-A236-62201965E9AC}.Release|x86.ActiveCfg = Release|Any CPU
		{FA3F3F94-5035-4019-A236-62201965E9AC}.Release|x86.Build.0 = Release|Any CPU
		{EE83B8CB-0533-4076-88BE-0F25C9ED8078}.Debug|Any CPU.ActiveCfg = Debug|Any CPU
		{EE83B8CB-0533-4076-88BE-0F25C9ED8078}.Debug|Any CPU.Build.0 = Debug|Any CPU
		{EE83B8CB-0533-4076-88BE-0F25C9ED8078}.Debug|x64.ActiveCfg = Debug|Any CPU
		{EE83B8CB-0533-4076-88BE-0F25C9ED8078}.Debug|x64.Build.0 = Debug|Any CPU
		{EE83B8CB-0533-4076-88BE-0F25C9ED8078}.Debug|x86.ActiveCfg = Debug|Any CPU
		{EE83B8CB-0533-4076-88BE-0F25C9ED8078}.Debug|x86.Build.0 = Debug|Any CPU
		{EE83B8CB-0533-4076-88BE-0F25C9ED8078}.Release|Any CPU.ActiveCfg = Release|Any CPU
		{EE83B8CB-0533-4076-88BE-0F25C9ED8078}.Release|Any CPU.Build.0 = Release|Any CPU
		{EE83B8CB-0533-4076-88BE-0F25C9ED8078}.Release|x64.ActiveCfg = Release|Any CPU
		{EE83B8CB-0533-4076-88BE-0F25C9ED8078}.Release|x64.Build.0 = Release|Any CPU
		{EE83B8CB-0533-4076-88BE-0F25C9ED8078}.Release|x86.ActiveCfg = Release|Any CPU
		{EE83B8CB-0533-4076-88BE-0F25C9ED8078}.Release|x86.Build.0 = Release|Any CPU
		{98ACCBB1-D5D5-40BE-8C79-5C4FA2BF533F}.Debug|Any CPU.ActiveCfg = Debug|Any CPU
		{98ACCBB1-D5D5-40BE-8C79-5C4FA2BF533F}.Debug|Any CPU.Build.0 = Debug|Any CPU
		{98ACCBB1-D5D5-40BE-8C79-5C4FA2BF533F}.Debug|x64.ActiveCfg = Debug|Any CPU
		{98ACCBB1-D5D5-40BE-8C79-5C4FA2BF533F}.Debug|x64.Build.0 = Debug|Any CPU
		{98ACCBB1-D5D5-40BE-8C79-5C4FA2BF533F}.Debug|x86.ActiveCfg = Debug|Any CPU
		{98ACCBB1-D5D5-40BE-8C79-5C4FA2BF533F}.Debug|x86.Build.0 = Debug|Any CPU
		{98ACCBB1-D5D5-40BE-8C79-5C4FA2BF533F}.Release|Any CPU.ActiveCfg = Release|Any CPU
		{98ACCBB1-D5D5-40BE-8C79-5C4FA2BF533F}.Release|Any CPU.Build.0 = Release|Any CPU
		{98ACCBB1-D5D5-40BE-8C79-5C4FA2BF533F}.Release|x64.ActiveCfg = Release|Any CPU
		{98ACCBB1-D5D5-40BE-8C79-5C4FA2BF533F}.Release|x64.Build.0 = Release|Any CPU
		{98ACCBB1-D5D5-40BE-8C79-5C4FA2BF533F}.Release|x86.ActiveCfg = Release|Any CPU
		{98ACCBB1-D5D5-40BE-8C79-5C4FA2BF533F}.Release|x86.Build.0 = Release|Any CPU
		{C0EDD3BC-D47A-4359-92A5-E8CE320ED6A5}.Debug|Any CPU.ActiveCfg = Debug|Any CPU
		{C0EDD3BC-D47A-4359-92A5-E8CE320ED6A5}.Debug|Any CPU.Build.0 = Debug|Any CPU
		{C0EDD3BC-D47A-4359-92A5-E8CE320ED6A5}.Debug|x64.ActiveCfg = Debug|Any CPU
		{C0EDD3BC-D47A-4359-92A5-E8CE320ED6A5}.Debug|x64.Build.0 = Debug|Any CPU
		{C0EDD3BC-D47A-4359-92A5-E8CE320ED6A5}.Debug|x86.ActiveCfg = Debug|Any CPU
		{C0EDD3BC-D47A-4359-92A5-E8CE320ED6A5}.Debug|x86.Build.0 = Debug|Any CPU
		{C0EDD3BC-D47A-4359-92A5-E8CE320ED6A5}.Release|Any CPU.ActiveCfg = Release|Any CPU
		{C0EDD3BC-D47A-4359-92A5-E8CE320ED6A5}.Release|Any CPU.Build.0 = Release|Any CPU
		{C0EDD3BC-D47A-4359-92A5-E8CE320ED6A5}.Release|x64.ActiveCfg = Release|Any CPU
		{C0EDD3BC-D47A-4359-92A5-E8CE320ED6A5}.Release|x64.Build.0 = Release|Any CPU
		{C0EDD3BC-D47A-4359-92A5-E8CE320ED6A5}.Release|x86.ActiveCfg = Release|Any CPU
		{C0EDD3BC-D47A-4359-92A5-E8CE320ED6A5}.Release|x86.Build.0 = Release|Any CPU
		{EC2AB76A-5E27-4652-9458-4ECB36433252}.Debug|Any CPU.ActiveCfg = Debug|Any CPU
		{EC2AB76A-5E27-4652-9458-4ECB36433252}.Debug|Any CPU.Build.0 = Debug|Any CPU
		{EC2AB76A-5E27-4652-9458-4ECB36433252}.Debug|x64.ActiveCfg = Debug|Any CPU
		{EC2AB76A-5E27-4652-9458-4ECB36433252}.Debug|x64.Build.0 = Debug|Any CPU
		{EC2AB76A-5E27-4652-9458-4ECB36433252}.Debug|x86.ActiveCfg = Debug|Any CPU
		{EC2AB76A-5E27-4652-9458-4ECB36433252}.Debug|x86.Build.0 = Debug|Any CPU
		{EC2AB76A-5E27-4652-9458-4ECB36433252}.Release|Any CPU.ActiveCfg = Release|Any CPU
		{EC2AB76A-5E27-4652-9458-4ECB36433252}.Release|Any CPU.Build.0 = Release|Any CPU
		{EC2AB76A-5E27-4652-9458-4ECB36433252}.Release|x64.ActiveCfg = Release|Any CPU
		{EC2AB76A-5E27-4652-9458-4ECB36433252}.Release|x64.Build.0 = Release|Any CPU
		{EC2AB76A-5E27-4652-9458-4ECB36433252}.Release|x86.ActiveCfg = Release|Any CPU
		{EC2AB76A-5E27-4652-9458-4ECB36433252}.Release|x86.Build.0 = Release|Any CPU
		{8F0A5671-A982-4FA1-A74A-55DC6A540DFA}.Debug|Any CPU.ActiveCfg = Debug|Any CPU
		{8F0A5671-A982-4FA1-A74A-55DC6A540DFA}.Debug|Any CPU.Build.0 = Debug|Any CPU
		{8F0A5671-A982-4FA1-A74A-55DC6A540DFA}.Debug|x64.ActiveCfg = Debug|Any CPU
		{8F0A5671-A982-4FA1-A74A-55DC6A540DFA}.Debug|x64.Build.0 = Debug|Any CPU
		{8F0A5671-A982-4FA1-A74A-55DC6A540DFA}.Debug|x86.ActiveCfg = Debug|Any CPU
		{8F0A5671-A982-4FA1-A74A-55DC6A540DFA}.Debug|x86.Build.0 = Debug|Any CPU
		{8F0A5671-A982-4FA1-A74A-55DC6A540DFA}.Release|Any CPU.ActiveCfg = Release|Any CPU
		{8F0A5671-A982-4FA1-A74A-55DC6A540DFA}.Release|Any CPU.Build.0 = Release|Any CPU
		{8F0A5671-A982-4FA1-A74A-55DC6A540DFA}.Release|x64.ActiveCfg = Release|Any CPU
		{8F0A5671-A982-4FA1-A74A-55DC6A540DFA}.Release|x64.Build.0 = Release|Any CPU
		{8F0A5671-A982-4FA1-A74A-55DC6A540DFA}.Release|x86.ActiveCfg = Release|Any CPU
		{8F0A5671-A982-4FA1-A74A-55DC6A540DFA}.Release|x86.Build.0 = Release|Any CPU
		{77D70A09-BDD0-4AD5-8C3B-C34387888AF1}.Debug|Any CPU.ActiveCfg = Debug|Any CPU
		{77D70A09-BDD0-4AD5-8C3B-C34387888AF1}.Debug|Any CPU.Build.0 = Debug|Any CPU
		{77D70A09-BDD0-4AD5-8C3B-C34387888AF1}.Debug|x64.ActiveCfg = Debug|Any CPU
		{77D70A09-BDD0-4AD5-8C3B-C34387888AF1}.Debug|x64.Build.0 = Debug|Any CPU
		{77D70A09-BDD0-4AD5-8C3B-C34387888AF1}.Debug|x86.ActiveCfg = Debug|Any CPU
		{77D70A09-BDD0-4AD5-8C3B-C34387888AF1}.Debug|x86.Build.0 = Debug|Any CPU
		{77D70A09-BDD0-4AD5-8C3B-C34387888AF1}.Release|Any CPU.ActiveCfg = Release|Any CPU
		{77D70A09-BDD0-4AD5-8C3B-C34387888AF1}.Release|Any CPU.Build.0 = Release|Any CPU
		{77D70A09-BDD0-4AD5-8C3B-C34387888AF1}.Release|x64.ActiveCfg = Release|Any CPU
		{77D70A09-BDD0-4AD5-8C3B-C34387888AF1}.Release|x64.Build.0 = Release|Any CPU
		{77D70A09-BDD0-4AD5-8C3B-C34387888AF1}.Release|x86.ActiveCfg = Release|Any CPU
		{77D70A09-BDD0-4AD5-8C3B-C34387888AF1}.Release|x86.Build.0 = Release|Any CPU
		{02A90A1A-80F8-48C7-8A56-1D096836793C}.Debug|Any CPU.ActiveCfg = Debug|Any CPU
		{02A90A1A-80F8-48C7-8A56-1D096836793C}.Debug|Any CPU.Build.0 = Debug|Any CPU
		{02A90A1A-80F8-48C7-8A56-1D096836793C}.Debug|x64.ActiveCfg = Debug|Any CPU
		{02A90A1A-80F8-48C7-8A56-1D096836793C}.Debug|x64.Build.0 = Debug|Any CPU
		{02A90A1A-80F8-48C7-8A56-1D096836793C}.Debug|x86.ActiveCfg = Debug|Any CPU
		{02A90A1A-80F8-48C7-8A56-1D096836793C}.Debug|x86.Build.0 = Debug|Any CPU
		{02A90A1A-80F8-48C7-8A56-1D096836793C}.Release|Any CPU.ActiveCfg = Release|Any CPU
		{02A90A1A-80F8-48C7-8A56-1D096836793C}.Release|Any CPU.Build.0 = Release|Any CPU
		{02A90A1A-80F8-48C7-8A56-1D096836793C}.Release|x64.ActiveCfg = Release|Any CPU
		{02A90A1A-80F8-48C7-8A56-1D096836793C}.Release|x64.Build.0 = Release|Any CPU
		{02A90A1A-80F8-48C7-8A56-1D096836793C}.Release|x86.ActiveCfg = Release|Any CPU
		{02A90A1A-80F8-48C7-8A56-1D096836793C}.Release|x86.Build.0 = Release|Any CPU
	EndGlobalSection
	GlobalSection(SolutionProperties) = preSolution
		HideSolutionNode = FALSE
	EndGlobalSection
	GlobalSection(ExtensibilityGlobals) = postSolution
		SolutionGuid = {B17E85B1-5F60-4440-9F9A-3DDE877E8CDF}
	EndGlobalSection
EndGlobal
