
Microsoft Visual Studio Solution File, Format Version 12.00
# Visual Studio Version 18
VisualStudioVersion = 18.4.11626.88
MinimumVisualStudioVersion = 10.0.40219.1
Project("{FAE04EC0-301F-11D3-BF4B-00C04F79EFBC}") = "STSPlugin", "STSPlugin\STSPlugin.csproj", "{13C812E9-0D42-4B95-8646-40EEBF30636F}"
EndProject
Project("{FAE04EC0-301F-11D3-BF4B-00C04F79EFBC}") = "STS.Domain", "STS.Domain\STS.Domain.csproj", "{46A75F92-E00C-43DF-AFFE-1674511914B0}"
EndProject
Project("{FAE04EC0-301F-11D3-BF4B-00C04F79EFBC}") = "STS.Domain.Tests", "STS.Domain.Tests\STS.Domain.Tests.csproj", "{8F10E9A3-84C8-438D-8557-52102B1CA4B5}"
EndProject
Project("{FAE04EC0-301F-11D3-BF4B-00C04F79EFBC}") = "STS.Api", "STS.Api\STS.Api.csproj", "{47D127F5-8468-461A-997A-6277875B04F8}"
EndProject
Project("{FAE04EC0-301F-11D3-BF4B-00C04F79EFBC}") = "STS.Admin", "STS.Admin\STS.Admin.csproj", "{FA3F3F94-5035-4019-A236-62201965E9AC}"
EndProject
Project("{FAE04EC0-301F-11D3-BF4B-00C04F79EFBC}") = "STS.Web", "STS.Web\STS.Web.csproj", "{EE83B8CB-0533-4076-88BE-0F25C9ED8078}"
EndProject
Project("{FAE04EC0-301F-11D3-BF4B-00C04F79EFBC}") = "STS.Domain.Content", "STS.Domain.Content\STS.Domain.Content.csproj", "{98ACCBB1-D5D5-40BE-8C79-5C4FA2BF533F}"
EndProject
Global
	GlobalSection(SolutionConfigurationPlatforms) = preSolution
		Debug|Any CPU = Debug|Any CPU
		Debug|x64 = Debug|x64
		Debug|x86 = Debug|x86
		Release|Any CPU = Release|Any CPU
		Release|x64 = Release|x64
		Release|x86 = Release|x86
	EndGlobalSection
	GlobalSection(ProjectConfigurationPlatforms) = postSolution
		{13C812E9-0D42-4B95-8646-40EEBF30636F}.Debug|Any CPU.ActiveCfg = Debug|Any CPU
		{13C812E9-0D42-4B95-8646-40EEBF30636F}.Debug|Any CPU.Build.0 = Debug|Any CPU
		{13C812E9-0D42-4B95-8646-40EEBF30636F}.Debug|x64.ActiveCfg = Debug|x64
		{13C812E9-0D42-4B95-8646-40EEBF30636F}.Debug|x64.Build.0 = Debug|x64
		{13C812E9-0D42-4B95-8646-40EEBF30636F}.Debug|x86.ActiveCfg = Debug|Any CPU
		{13C812E9-0D42-4B95-8646-40EEBF30636F}.Debug|x86.Build.0 = Debug|Any CPU
		{13C812E9-0D42-4B95-8646-40EEBF30636F}.Release|Any CPU.ActiveCfg = Release|Any CPU
		{13C812E9-0D42-4B95-8646-40EEBF30636F}.Release|Any CPU.Build.0 = Release|Any CPU
		{13C812E9-0D42-4B95-8646-40EEBF30636F}.Release|x64.ActiveCfg = Release|x64
		{13C812E9-0D42-4B95-8646-40EEBF30636F}.Release|x64.Build.0 = Release|x64
		{13C812E9-0D42-4B95-8646-40EEBF30636F}.Release|x86.ActiveCfg = Release|Any CPU
		{13C812E9-0D42-4B95-8646-40EEBF30636F}.Release|x86.Build.0 = Release|Any CPU
		{46A75F92-E00C-43DF-AFFE-1674511914B0}.Debug|Any CPU.ActiveCfg = Debug|Any CPU
		{46A75F92-E00C-43DF-AFFE-1674511914B0}.Debug|Any CPU.Build.0 = Debug|Any CPU
		{46A75F92-E00C-43DF-AFFE-1674511914B0}.Debug|x64.ActiveCfg = Debug|Any CPU
		{46A75F92-E00C-43DF-AFFE-1674511914B0}.Debug|x64.Build.0 = Debug|Any CPU
		{46A75F92-E00C-43DF-AFFE-1674511914B0}.Debug|x86.ActiveCfg = Debug|Any CPU
		{46A75F92-E00C-43DF-AFFE-1674511914B0}.Debug|x86.Build.0 = Debug|Any CPU
		{46A75F92-E00C-43DF-AFFE-1674511914B0}.Release|Any CPU.ActiveCfg = Release|Any CPU
		{46A75F92-E00C-43DF-AFFE-1674511914B0}.Release|Any CPU.Build.0 = Release|Any CPU
		{46A75F92-E00C-43DF-AFFE-1674511914B0}.Release|x64.ActiveCfg = Release|Any CPU
		{46A75F92-E00C-43DF-AFFE-1674511914B0}.Release|x64.Build.0 = Release|Any CPU
		{46A75F92-E00C-43DF-AFFE-1674511914B0}.Release|x86.ActiveCfg = Release|Any CPU
		{46A75F92-E00C-43DF-AFFE-1674511914B0}.Release|x86.Build.0 = Release|Any CPU
		{8F10E9A3-84C8-438D-8557-52102B1CA4B5}.Debug|Any CPU.ActiveCfg = Debug|Any CPU
		{8F10E9A3-84C8-438D-8557-52102B1CA4B5}.Debug|Any CPU.Build.0 = Debug|Any CPU
		{8F10E9A3-84C8-438D-8557-52102B1CA4B5}.Debug|x64.ActiveCfg = Debug|Any CPU
		{8F10E9A3-84C8-438D-8557-52102B1CA4B5}.Debug|x64.Build.0 = Debug|Any CPU
		{8F10E9A3-84C8-438D-8557-52102B1CA4B5}.Debug|x86.ActiveCfg = Debug|Any CPU
		{8F10E9A3-84C8-438D-8557-52102B1CA4B5}.Debug|x86.Build.0 = Debug|Any CPU
		{8F10E9A3-84C8-438D-8557-52102B1CA4B5}.Release|Any CPU.ActiveCfg = Release|Any CPU
		{8F10E9A3-84C8-438D-8557-52102B1CA4B5}.Release|Any CPU.Build.0 = Release|Any CPU
		{8F10E9A3-84C8-438D-8557-52102B1CA4B5}.Release|x64.ActiveCfg = Release|Any CPU
		{8F10E9A3-84C8-438D-8557-52102B1CA4B5}.Release|x64.Build.0 = Release|Any CPU
		{8F10E9A3-84C8-438D-8557-52102B1CA4B5}.Release|x86.ActiveCfg = Release|Any CPU
		{8F10E9A3-84C8-438D-8557-52102B1CA4B5}.Release|x86.Build.0 = Release|Any CPU
		{47D127F5-8468-461A-997A-6277875B04F8}.Debug|Any CPU.ActiveCfg = Debug|Any CPU
		{47D127F5-8468-461A-997A-6277875B04F8}.Debug|Any CPU.Build.0 = Debug|Any CPU
		{47D127F5-8468-461A-997A-6277875B04F8}.Debug|x64.ActiveCfg = Debug|Any CPU
		{47D127F5-8468-461A-997A-6277875B04F8}.Debug|x64.Build.0 = Debug|Any CPU
		{47D127F5-8468-461A-997A-6277875B04F8}.Debug|x86.ActiveCfg = Debug|Any CPU
		{47D127F5-8468-461A-997A-6277875B04F8}.Debug|x86.Build.0 = Debug|Any CPU
		{47D127F5-8468-461A-997A-6277875B04F8}.Release|Any CPU.ActiveCfg = Release|Any CPU
		{47D127F5-8468-461A-997A-6277875B04F8}.Release|Any CPU.Build.0 = Release|Any CPU
		{47D127F5-8468-461A-997A-6277875B04F8}.Release|x64.ActiveCfg = Release|Any CPU
		{47D127F5-8468-461A-997A-6277875B04F8}.Release|x64.Build.0 = Release|Any CPU
		{47D127F5-8468-461A-997A-6277875B04F8}.Release|x86.ActiveCfg = Release|Any CPU
		{47D127F5-8468-461A-997A-6277875B04F8}.Release|x86.Build.0 = Release|Any CPU
		{FA3F3F94-5035-4019-A236-62201965E9AC}.Debug|Any CPU.ActiveCfg = Debug|Any CPU
		{FA3F3F94-5035-4019-A236-62201965E9AC}.Debug|Any CPU.Build.0 = Debug|Any CPU
		{FA3F3F94-5035-4019-A236-62201965E9AC}.Debug|x64.ActiveCfg = Debug|Any CPU
		{FA3F3F94-5035-4019-A236-62201965E9AC}.Debug|x64.Build.0 = Debug|Any CPU
		{FA3F3F94-5035-4019-A236-62201965E9AC}.Debug|x86.ActiveCfg = Debug|Any CPU
		{FA3F3F94-5035-4019-A236-62201965E9AC}.Debug|x86.Build.0 = Debug|Any CPU
		{FA3F3F94-5035-4019-A236-62201965E9AC}.Release|Any CPU.ActiveCfg = Release|Any CPU
		{FA3F3F94-5035-4019-A236-62201965E9AC}.Release|Any CPU.Build.0 = Release|Any CPU
		{FA3F3F94-5035-4019-A236-62201965E9AC}.Release|x64.ActiveCfg = Release|Any CPU
		{FA3F3F94-5035-4019-A236-62201965E9AC}.Release|x64.Build.0 = Release|Any CPU
		{FA3F3F94-5035-4019-A236-62201965E9AC}.Release|x86.ActiveCfg = Release|Any CPU
		{FA3F3F94-5035-4019-A236-62201965E9AC}.Release|x86.Build.0 = Release|Any CPU
		{EE83B8CB-0533-4076-88BE-0F25C9ED8078}.Debug|Any CPU.ActiveCfg = Debug|Any CPU
		{EE83B8CB-0533-4076-88BE-0F25C9ED8078}.Debug|Any CPU.Build.0 = Debug|Any CPU
		{EE83B8CB-0533-4076-88BE-0F25C9ED8078}.Debug|x64.ActiveCfg = Debug|Any CPU
		{EE83B8CB-0533-4076-88BE-0F25C9ED8078}.Debug|x64.Build.0 = Debug|Any CPU
		{EE83B8CB-0533-4076-88BE-0F25C9ED8078}.Debug|x86.ActiveCfg = Debug|Any CPU
		{EE83B8CB-0533-4076-88BE-0F25C9ED8078}.Debug|x86.Build.0 = Debug|Any CPU
		{EE83B8CB-0533-4076-88BE-0F25C9ED8078}.Release|Any CPU.ActiveCfg = Release|Any CPU
		{EE83B8CB-0533-4076-88BE-0F25C9ED8078}.Release|Any CPU.Build.0 = Release|Any CPU
		{EE83B8CB-0533-4076-88BE-0F25C9ED8078}.Release|x64.ActiveCfg = Release|Any CPU
		{EE83B8CB-0533-4076-88BE-0F25C9ED8078}.Release|x64.Build.0 = Release|Any CPU
		{EE83B8CB-0533-4076-88BE-0F25C9ED8078}.Release|x86.ActiveCfg = Release|Any CPU
		{EE83B8CB-0533-4076-88BE-0F25C9ED8078}.Release|x86.Build.0 = Release|Any CPU
		{98ACCBB1-D5D5-40BE-8C79-5C4FA2BF533F}.Debug|Any CPU.ActiveCfg = Debug|Any CPU
		{98ACCBB1-D5D5-40BE-8C79-5C4FA2BF533F}.Debug|Any CPU.Build.0 = Debug|Any CPU
		{98ACCBB1-D5D5-40BE-8C79-5C4FA2BF533F}.Debug|x64.ActiveCfg = Debug|Any CPU
		{98ACCBB1-D5D5-40BE-8C79-5C4FA2BF533F}.Debug|x64.Build.0 = Debug|Any CPU
		{98ACCBB1-D5D5-40BE-8C79-5C4FA2BF533F}.Debug|x86.ActiveCfg = Debug|Any CPU
		{98ACCBB1-D5D5-40BE-8C79-5C4FA2BF533F}.Debug|x86.Build.0 = Debug|Any CPU
		{98ACCBB1-D5D5-40BE-8C79-5C4FA2BF533F}.Release|Any CPU.ActiveCfg = Release|Any CPU
		{98ACCBB1-D5D5-40BE-8C79-5C4FA2BF533F}.Release|Any CPU.Build.0 = Release|Any CPU
		{98ACCBB1-D5D5-40BE-8C79-5C4FA2BF533F}.Release|x64.ActiveCfg = Release|Any CPU
		{98ACCBB1-D5D5-40BE-8C79-5C4FA2BF533F}.Release|x64.Build.0 = Release|Any CPU
		{98ACCBB1-D5D5-40BE-8C79-5C4FA2BF533F}.Release|x86.ActiveCfg = Release|Any CPU
		{98ACCBB1-D5D5-40BE-8C79-5C4FA2BF533F}.Release|x86.Build.0 = Release|Any CPU
	EndGlobalSection
	GlobalSection(SolutionProperties) = preSolution
		HideSolutionNode = FALSE
	EndGlobalSection
	GlobalSection(ExtensibilityGlobals) = postSolution
		SolutionGuid = {B17E85B1-5F60-4440-9F9A-3DDE877E8CDF}
	EndGlobalSection
EndGlobal
